// !$*UTF8*$!
{
	archiveVersion = 1;
	classes = {
	};
	objectVersion = 46;
	objects = {

/* Begin PBXBuildFile section */
		3F26A86319D2B7D900283CFB /* AppDelegate.swift in Sources */ = {isa = PBXBuildFile; fileRef = 3F26A86219D2B7D900283CFB /* AppDelegate.swift */; };
		3F26A86519D2B7D900283CFB /* ViewController.swift in Sources */ = {isa = PBXBuildFile; fileRef = 3F26A86419D2B7D900283CFB /* ViewController.swift */; };
		3F26A86819D2B7D900283CFB /* Main.storyboard in Resources */ = {isa = PBXBuildFile; fileRef = 3F26A86619D2B7D900283CFB /* Main.storyboard */; };
		3F26A86A19D2B7D900283CFB /* Images.xcassets in Resources */ = {isa = PBXBuildFile; fileRef = 3F26A86919D2B7D900283CFB /* Images.xcassets */; };
		3F26A86D19D2B7D900283CFB /* LaunchScreen.xib in Resources */ = {isa = PBXBuildFile; fileRef = 3F26A86B19D2B7D900283CFB /* LaunchScreen.xib */; };
		3F26A87919D2B7DA00283CFB /* swiftTableTests.swift in Sources */ = {isa = PBXBuildFile; fileRef = 3F26A87819D2B7DA00283CFB /* swiftTableTests.swift */; };
/* End PBXBuildFile section */

/* Begin PBXContainerItemProxy section */
		3F26A87319D2B7DA00283CFB /* PBXContainerItemProxy */ = {
			isa = PBXContainerItemProxy;
			containerPortal = 3F26A85519D2B7D900283CFB /* Project object */;
			proxyType = 1;
			remoteGlobalIDString = 3F26A85C19D2B7D900283CFB;
			remoteInfo = swiftTable;
		};
/* End PBXContainerItemProxy section */

/* Begin PBXFileReference section */
		3F26A85D19D2B7D900283CFB /* swiftTable.app */ = {isa = PBXFileReference; explicitFileType = wrapper.application; includeInIndex = 0; path = swiftTable.app; sourceTree = BUILT_PRODUCTS_DIR; };
		3F26A86119D2B7D900283CFB /* Info.plist */ = {isa = PBXFileReference; lastKnownFileType = text.plist.xml; path = Info.plist; sourceTree = "<group>"; };
		3F26A86219D2B7D900283CFB /* AppDelegate.swift */ = {isa = PBXFileReference; lastKnownFileType = sourcecode.swift; path = AppDelegate.swift; sourceTree = "<group>"; };
		3F26A86419D2B7D900283CFB /* ViewController.swift */ = {isa = PBXFileReference; lastKnownFileType = sourcecode.swift; path = ViewController.swift; sourceTree = "<group>"; };
		3F26A86719D2B7D900283CFB /* Base */ = {isa = PBXFileReference; lastKnownFileType = file.storyboard; name = Base; path = Base.lproj/Main.storyboard; sourceTree = "<group>"; };
		3F26A86919D2B7D900283CFB /* Images.xcassets */ = {isa = PBXFileReference; lastKnownFileType = folder.assetcatalog; path = Images.xcassets; sourceTree = "<group>"; };
		3F26A86C19D2B7D900283CFB /* Base */ = {isa = PBXFileReference; lastKnownFileType = file.xib; name = Base; path = Base.lproj/LaunchScreen.xib; sourceTree = "<group>"; };
		3F26A87219D2B7DA00283CFB /* swiftTableTests.xctest */ = {isa = PBXFileReference; explicitFileType = wrapper.cfbundle; includeInIndex = 0; path = swiftTableTests.xctest; sourceTree = BUILT_PRODUCTS_DIR; };
		3F26A87719D2B7DA00283CFB /* Info.plist */ = {isa = PBXFileReference; lastKnownFileType = text.plist.xml; path = Info.plist; sourceTree = "<group>"; };
		3F26A87819D2B7DA00283CFB /* swiftTableTests.swift */ = {isa = PBXFileReference; lastKnownFileType = sourcecode.swift; path = swiftTableTests.swift; sourceTree = "<group>"; };
/* End PBXFileReference section */

/* Begin PBXFrameworksBuildPhase section */
		3F26A85A19D2B7D900283CFB /* Frameworks */ = {
			isa = PBXFrameworksBuildPhase;
			buildActionMask = 2147483647;
			files = (
			);
			runOnlyForDeploymentPostprocessing = 0;
		};
		3F26A86F19D2B7DA00283CFB /* Frameworks */ = {
			isa = PBXFrameworksBuildPhase;
			buildActionMask = 2147483647;
			files = (
			);
			runOnlyForDeploymentPostprocessing = 0;
		};
/* End PBXFrameworksBuildPhase section */

/* Begin PBXGroup section */
		3F26A85419D2B7D900283CFB = {
			isa = PBXGroup;
			children = (
				3F26A85F19D2B7D900283CFB /* swiftTable */,
				3F26A87519D2B7DA00283CFB /* swiftTableTests */,
				3F26A85E19D2B7D900283CFB /* Products */,
			);
			sourceTree = "<group>";
		};
		3F26A85E19D2B7D900283CFB /* Products */ = {
			isa = PBXGroup;
			children = (
				3F26A85D19D2B7D900283CFB /* swiftTable.app */,
				3F26A87219D2B7DA00283CFB /* swiftTableTests.xctest */,
			);
			name = Products;
			sourceTree = "<group>";
		};
		3F26A85F19D2B7D900283CFB /* swiftTable */ = {
			isa = PBXGroup;
			children = (
				3F26A86219D2B7D900283CFB /* AppDelegate.swift */,
				3F26A86419D2B7D900283CFB /* ViewController.swift */,
				3F26A86619D2B7D900283CFB /* Main.storyboard */,
				3F26A86919D2B7D900283CFB /* Images.xcassets */,
				3F26A86B19D2B7D900283CFB /* LaunchScreen.xib */,
				3F26A86019D2B7D900283CFB /* Supporting Files */,
			);
			path = swiftTable;
			sourceTree = "<group>";
		};
		3F26A86019D2B7D900283CFB /* Supporting Files */ = {
			isa = PBXGroup;
			children = (
				3F26A86119D2B7D900283CFB /* Info.plist */,
			);
			name = "Supporting Files";
			sourceTree = "<group>";
		};
		3F26A87519D2B7DA00283CFB /* swiftTableTests */ = {
			isa = PBXGroup;
			children = (
				3F26A87819D2B7DA00283CFB /* swiftTableTests.swift */,
				3F26A87619D2B7DA00283CFB /* Supporting Files */,
			);
			path = swiftTableTests;
			sourceTree = "<group>";
		};
		3F26A87619D2B7DA00283CFB /* Supporting Files */ = {
			isa = PBXGroup;
			children = (
				3F26A87719D2B7DA00283CFB /* Info.plist */,
			);
			name = "Supporting Files";
			sourceTree = "<group>";
		};
/* End PBXGroup section */

/* Begin PBXNativeTarget section */
		3F26A85C19D2B7D900283CFB /* swiftTable */ = {
			isa = PBXNativeTarget;
			buildConfigurationList = 3F26A87C19D2B7DA00283CFB /* Build configuration list for PBXNativeTarget "swiftTable" */;
			buildPhases = (
				3F26A85919D2B7D900283CFB /* Sources */,
				3F26A85A19D2B7D900283CFB /* Frameworks */,
				3F26A85B19D2B7D900283CFB /* Resources */,
			);
			buildRules = (
			);
			dependencies = (
			);
			name = swiftTable;
			productName = swiftTable;
			productReference = 3F26A85D19D2B7D900283CFB /* swiftTable.app */;
			productType = "com.apple.product-type.application";
		};
		3F26A87119D2B7DA00283CFB /* swiftTableTests */ = {
			isa = PBXNativeTarget;
			buildConfigurationList = 3F26A87F19D2B7DA00283CFB /* Build configuration list for PBXNativeTarget "swiftTableTests" */;
			buildPhases = (
				3F26A86E19D2B7DA00283CFB /* Sources */,
				3F26A86F19D2B7DA00283CFB /* Frameworks */,
				3F26A87019D2B7DA00283CFB /* Resources */,
			);
			buildRules = (
			);
			dependencies = (
				3F26A87419D2B7DA00283CFB /* PBXTargetDependency */,
			);
			name = swiftTableTests;
			productName = swiftTableTests;
			productReference = 3F26A87219D2B7DA00283CFB /* swiftTableTests.xctest */;
			productType = "com.apple.product-type.bundle.unit-test";
		};
/* End PBXNativeTarget section */

/* Begin PBXProject section */
		3F26A85519D2B7D900283CFB /* Project object */ = {
			isa = PBXProject;
			attributes = {
				LastUpgradeCheck = 0600;
				ORGANIZATIONNAME = swiftTable;
				TargetAttributes = {
					3F26A85C19D2B7D900283CFB = {
						CreatedOnToolsVersion = 6.0;
					};
					3F26A87119D2B7DA00283CFB = {
						CreatedOnToolsVersion = 6.0;
						TestTargetID = 3F26A85C19D2B7D900283CFB;
					};
				};
			};
			buildConfigurationList = 3F26A85819D2B7D900283CFB /* Build configuration list for PBXProject "swiftTable" */;
			compatibilityVersion = "Xcode 3.2";
			developmentRegion = English;
			hasScannedForEncodings = 0;
			knownRegions = (
				en,
				Base,
			);
			mainGroup = 3F26A85419D2B7D900283CFB;
			productRefGroup = 3F26A85E19D2B7D900283CFB /* Products */;
			projectDirPath = "";
			projectRoot = "";
			targets = (
				3F26A85C19D2B7D900283CFB /* swiftTable */,
				3F26A87119D2B7DA00283CFB /* swiftTableTests */,
			);
		};
/* End PBXProject section */

/* Begin PBXResourcesBuildPhase section */
		3F26A85B19D2B7D900283CFB /* Resources */ = {
			isa = PBXResourcesBuildPhase;
			buildActionMask = 2147483647;
			files = (
				3F26A86819D2B7D900283CFB /* Main.storyboard in Resources */,
				3F26A86D19D2B7D900283CFB /* LaunchScreen.xib in Resources */,
				3F26A86A19D2B7D900283CFB /* Images.xcassets in Resources */,
			);
			runOnlyForDeploymentPostprocessing = 0;
		};
		3F26A87019D2B7DA00283CFB /* Resources */ = {
			isa = PBXResourcesBuildPhase;
			buildActionMask = 2147483647;
			files = (
			);
			runOnlyForDeploymentPostprocessing = 0;
		};
/* End PBXResourcesBuildPhase section */

/* Begin PBXSourcesBuildPhase section */
		3F26A85919D2B7D900283CFB /* Sources */ = {
			isa = PBXSourcesBuildPhase;
			buildActionMask = 2147483647;
			files = (
				3F26A86519D2B7D900283CFB /* ViewController.swift in Sources */,
				3F26A86319D2B7D900283CFB /* AppDelegate.swift in Sources */,
			);
			runOnlyForDeploymentPostprocessing = 0;
		};
		3F26A86E19D2B7DA00283CFB /* Sources */ = {
			isa = PBXSourcesBuildPhase;
			buildActionMask = 2147483647;
			files = (
				3F26A87919D2B7DA00283CFB /* swiftTableTests.swift in Sources */,
			);
			runOnlyForDeploymentPostprocessing = 0;
		};
/* End PBXSourcesBuildPhase section */

/* Begin PBXTargetDependency section */
		3F26A87419D2B7DA00283CFB /* PBXTargetDependency */ = {
			isa = PBXTargetDependency;
			target = 3F26A85C19D2B7D900283CFB /* swiftTable */;
			targetProxy = 3F26A87319D2B7DA00283CFB /* PBXContainerItemProxy */;
		};
/* End PBXTargetDependency section */

/* Begin PBXVariantGroup section */
		3F26A86619D2B7D900283CFB /* Main.storyboard */ = {
			isa = PBXVariantGroup;
			children = (
				3F26A86719D2B7D900283CFB /* Base */,
			);
			name = Main.storyboard;
			sourceTree = "<group>";
		};
		3F26A86B19D2B7D900283CFB /* LaunchScreen.xib */ = {
			isa = PBXVariantGroup;
			children = (
				3F26A86C19D2B7D900283CFB /* Base */,
			);
			name = LaunchScreen.xib;
			sourceTree = "<group>";
		};
/* End PBXVariantGroup section */

/* Begin XCBuildConfiguration section */
		3F26A87A19D2B7DA00283CFB /* Debug */ = {
			isa = XCBuildConfiguration;
			buildSettings = {
				ALWAYS_SEARCH_USER_PATHS = NO;
				CLANG_CXX_LANGUAGE_STANDARD = "gnu++0x";
				CLANG_CXX_LIBRARY = "libc++";
				CLANG_ENABLE_MODULES = YES;
				CLANG_ENABLE_OBJC_ARC = YES;
				CLANG_WARN_BOOL_CONVERSION = YES;
				CLANG_WARN_CONSTANT_CONVERSION = YES;
				CLANG_WARN_DIRECT_OBJC_ISA_USAGE = YES_ERROR;
				CLANG_WARN_EMPTY_BODY = YES;
				CLANG_WARN_ENUM_CONVERSION = YES;
				CLANG_WARN_INT_CONVERSION = YES;
				CLANG_WARN_OBJC_ROOT_CLASS = YES_ERROR;
				CLANG_WARN_UNREACHABLE_CODE = YES;
				CLANG_WARN__DUPLICATE_METHOD_MATCH = YES;
				"CODE_SIGN_IDENTITY[sdk=iphoneos*]" = "iPhone Developer";
				COPY_PHASE_STRIP = NO;
				ENABLE_STRICT_OBJC_MSGSEND = YES;
				GCC_C_LANGUAGE_STANDARD = gnu99;
				GCC_DYNAMIC_NO_PIC = NO;
				GCC_OPTIMIZATION_LEVEL = 0;
				GCC_PREPROCESSOR_DEFINITIONS = (
					"DEBUG=1",
					"$(inherited)",
				);
				GCC_SYMBOLS_PRIVATE_EXTERN = NO;
				GCC_WARN_64_TO_32_BIT_CONVERSION = YES;
				GCC_WARN_ABOUT_RETURN_TYPE = YES_ERROR;
				GCC_WARN_UNDECLARED_SELECTOR = YES;
				GCC_WARN_UNINITIALIZED_AUTOS = YES_AGGRESSIVE;
				GCC_WARN_UNUSED_FUNCTION = YES;
				GCC_WARN_UNUSED_VARIABLE = YES;
				IPHONEOS_DEPLOYMENT_TARGET = 8.0;
				MTL_ENABLE_DEBUG_INFO = YES;
				ONLY_ACTIVE_ARCH = YES;
				SDKROOT = iphoneos;
				SWIFT_OPTIMIZATION_LEVEL = "-Onone";
			};
			name = Debug;
		};
		3F26A87B19D2B7DA00283CFB /* Release */ = {
			isa = XCBuildConfiguration;
			buildSettings = {
				ALWAYS_SEARCH_USER_PATHS = NO;
				CLANG_CXX_LANGUAGE_STANDARD = "gnu++0x";
				CLANG_CXX_LIBRARY = "libc++";
				CLANG_ENABLE_MODULES = YES;
				CLANG_ENABLE_OBJC_ARC = YES;
				CLANG_WARN_BOOL_CONVERSION = YES;
				CLANG_WARN_CONSTANT_CONVERSION = YES;
				CLANG_WARN_DIRECT_OBJC_ISA_USAGE = YES_ERROR;
				CLANG_WARN_EMPTY_BODY = YES;
				CLANG_WARN_ENUM_CONVERSION = YES;
				CLANG_WARN_INT_CONVERSION = YES;
				CLANG_WARN_OBJC_ROOT_CLASS = YES_ERROR;
				CLANG_WARN_UNREACHABLE_CODE = YES;
				CLANG_WARN__DUPLICATE_METHOD_MATCH = YES;
				"CODE_SIGN_IDENTITY[sdk=iphoneos*]" = "iPhone Developer";
				COPY_PHASE_STRIP = YES;
				ENABLE_NS_ASSERTIONS = NO;
				ENABLE_STRICT_OBJC_MSGSEND = YES;
				GCC_C_LANGUAGE_STANDARD = gnu99;
				GCC_WARN_64_TO_32_BIT_CONVERSION = YES;
				GCC_WARN_ABOUT_RETURN_TYPE = YES_ERROR;
				GCC_WARN_UNDECLARED_SELECTOR = YES;
				GCC_WARN_UNINITIALIZED_AUTOS = YES_AGGRESSIVE;
				GCC_WARN_UNUSED_FUNCTION = YES;
				GCC_WARN_UNUSED_VARIABLE = YES;
				IPHONEOS_DEPLOYMENT_TARGET = 8.0;
				MTL_ENABLE_DEBUG_INFO = NO;
				SDKROOT = iphoneos;
				VALIDATE_PRODUCT = YES;
			};
			name = Release;
		};
		3F26A87D19D2B7DA00283CFB /* Debug */ = {
			isa = XCBuildConfiguration;
			buildSettings = {
				ASSETCATALOG_COMPILER_APPICON_NAME = AppIcon;
				INFOPLIST_FILE = swiftTable/Info.plist;
				LD_RUNPATH_SEARCH_PATHS = "$(inherited) @executable_path/Frameworks";
				PRODUCT_NAME = "$(TARGET_NAME)";
			};
			name = Debug;
		};
		3F26A87E19D2B7DA00283CFB /* Release */ = {
			isa = XCBuildConfiguration;
			buildSettings = {
				ASSETCATALOG_COMPILER_APPICON_NAME = AppIcon;
				INFOPLIST_FILE = swiftTable/Info.plist;
				LD_RUNPATH_SEARCH_PATHS = "$(inherited) @executable_path/Frameworks";
				PRODUCT_NAME = "$(TARGET_NAME)";
			};
			name = Release;
		};
		3F26A88019D2B7DA00283CFB /* Debug */ = {
			isa = XCBuildConfiguration;
			buildSettings = {
				BUNDLE_LOADER = "$(TEST_HOST)";
				FRAMEWORK_SEARCH_PATHS = (
					"$(SDKROOT)/Developer/Library/Frameworks",
					"$(inherited)",
				);
				GCC_PREPROCESSOR_DEFINITIONS = (
					"DEBUG=1",
					"$(inherited)",
				);
				INFOPLIST_FILE = swiftTableTests/Info.plist;
				LD_RUNPATH_SEARCH_PATHS = "$(inherited) @executable_path/Frameworks @loader_path/Frameworks";
				PRODUCT_NAME = "$(TARGET_NAME)";
				TEST_HOST = "$(BUILT_PRODUCTS_DIR)/swiftTable.app/swiftTable";
			};
			name = Debug;
		};
		3F26A88119D2B7DA00283CFB /* Release */ = {
			isa = XCBuildConfiguration;
			buildSettings = {
				BUNDLE_LOADER = "$(TEST_HOST)";
				FRAMEWORK_SEARCH_PATHS = (
					"$(SDKROOT)/Developer/Library/Frameworks",
					"$(inherited)",
				);
				INFOPLIST_FILE = swiftTableTests/Info.plist;
				LD_RUNPATH_SEARCH_PATHS = "$(inherited) @executable_path/Frameworks @loader_path/Frameworks";
				PRODUCT_NAME = "$(TARGET_NAME)";
				TEST_HOST = "$(BUILT_PRODUCTS_DIR)/swiftTable.app/swiftTable";
			};
			name = Release;
		};
/* End XCBuildConfiguration section */

/* Begin XCConfigurationList section */
		3F26A85819D2B7D900283CFB /* Build configuration list for PBXProject "swiftTable" */ = {
			isa = XCConfigurationList;
			buildConfigurations = (
				3F26A87A19D2B7DA00283CFB /* Debug */,
				3F26A87B19D2B7DA00283CFB /* Release */,
			);
			defaultConfigurationIsVisible = 0;
			defaultConfigurationName = Release;
		};
		3F26A87C19D2B7DA00283CFB /* Build configuration list for PBXNativeTarget "swiftTable" */ = {
			isa = XCConfigurationList;
			buildConfigurations = (
				3F26A87D19D2B7DA00283CFB /* Debug */,
				3F26A87E19D2B7DA00283CFB /* Release */,
			);
			defaultConfigurationIsVisible = 0;
		};
		3F26A87F19D2B7DA00283CFB /* Build configuration list for PBXNativeTarget "swiftTableTests" */ = {
			isa = XCConfigurationList;
			buildConfigurations = (
				3F26A88019D2B7DA00283CFB /* Debug */,
				3F26A88119D2B7DA00283CFB /* Release */,
			);
			defaultConfigurationIsVisible = 0;
		};
/* End XCConfigurationList section */
	};
	rootObject = 3F26A85519D2B7D900283CFB /* Project object */;
}
