// !$*UTF8*$!
{
	archiveVersion = 1;
	classes = {
	};
	objectVersion = 46;
	objects = {

/* Begin PBXBuildFile section */
		3F6E947619C2C8FB000AD51B /* AppDelegate.swift in Sources */ = {isa = PBXBuildFile; fileRef = 3F6E947519C2C8FB000AD51B /* AppDelegate.swift */; };
		3F6E947819C2C8FB000AD51B /* ViewController.swift in Sources */ = {isa = PBXBuildFile; fileRef = 3F6E947719C2C8FB000AD51B /* ViewController.swift */; };
		3F6E947B19C2C8FB000AD51B /* Main.storyboard in Resources */ = {isa = PBXBuildFile; fileRef = 3F6E947919C2C8FB000AD51B /* Main.storyboard */; };
		3F6E947D19C2C8FB000AD51B /* Images.xcassets in Resources */ = {isa = PBXBuildFile; fileRef = 3F6E947C19C2C8FB000AD51B /* Images.xcassets */; };
		3F6E948919C2C8FB000AD51B /* TipCalculatorTests.swift in Sources */ = {isa = PBXBuildFile; fileRef = 3F6E948819C2C8FB000AD51B /* TipCalculatorTests.swift */; };
		3F6E949319C2CAAF000AD51B /* TipCalculatorTest.swift in Sources */ = {isa = PBXBuildFile; fileRef = 3F6E949219C2CAAF000AD51B /* TipCalculatorTest.swift */; };
		3F6E949719C2E0A2000AD51B /* TipCalculator.swift in Sources */ = {isa = PBXBuildFile; fileRef = 3F6E949619C2E0A2000AD51B /* TipCalculator.swift */; };
		3F6E949919C2E172000AD51B /* TipCalatorModel.swift in Sources */ = {isa = PBXBuildFile; fileRef = 3F6E949819C2E172000AD51B /* TipCalatorModel.swift */; };
/* End PBXBuildFile section */

/* Begin PBXContainerItemProxy section */
		3F6E948319C2C8FB000AD51B /* PBXContainerItemProxy */ = {
			isa = PBXContainerItemProxy;
			containerPortal = 3F6E946819C2C8FB000AD51B /* Project object */;
			proxyType = 1;
			remoteGlobalIDString = 3F6E946F19C2C8FB000AD51B;
			remoteInfo = TipCalculator;
		};
/* End PBXContainerItemProxy section */

/* Begin PBXFileReference section */
		3F6E947019C2C8FB000AD51B /* TipCalculator.app */ = {isa = PBXFileReference; explicitFileType = wrapper.application; includeInIndex = 0; path = TipCalculator.app; sourceTree = BUILT_PRODUCTS_DIR; };
		3F6E947419C2C8FB000AD51B /* Info.plist */ = {isa = PBXFileReference; lastKnownFileType = text.plist.xml; path = Info.plist; sourceTree = "<group>"; };
		3F6E947519C2C8FB000AD51B /* AppDelegate.swift */ = {isa = PBXFileReference; lastKnownFileType = sourcecode.swift; path = AppDelegate.swift; sourceTree = "<group>"; };
		3F6E947719C2C8FB000AD51B /* ViewController.swift */ = {isa = PBXFileReference; lastKnownFileType = sourcecode.swift; path = ViewController.swift; sourceTree = "<group>"; };
		3F6E947A19C2C8FB000AD51B /* Base */ = {isa = PBXFileReference; lastKnownFileType = file.storyboard; name = Base; path = Base.lproj/Main.storyboard; sourceTree = "<group>"; };
		3F6E947C19C2C8FB000AD51B /* Images.xcassets */ = {isa = PBXFileReference; lastKnownFileType = folder.assetcatalog; path = Images.xcassets; sourceTree = "<group>"; };
		3F6E948219C2C8FB000AD51B /* TipCalculatorTests.xctest */ = {isa = PBXFileReference; explicitFileType = wrapper.cfbundle; includeInIndex = 0; path = TipCalculatorTests.xctest; sourceTree = BUILT_PRODUCTS_DIR; };
		3F6E948719C2C8FB000AD51B /* Info.plist */ = {isa = PBXFileReference; lastKnownFileType = text.plist.xml; path = Info.plist; sourceTree = "<group>"; };
		3F6E948819C2C8FB000AD51B /* TipCalculatorTests.swift */ = {isa = PBXFileReference; lastKnownFileType = sourcecode.swift; path = TipCalculatorTests.swift; sourceTree = "<group>"; };
		3F6E949219C2CAAF000AD51B /* TipCalculatorTest.swift */ = {isa = PBXFileReference; fileEncoding = 4; lastKnownFileType = sourcecode.swift; path = TipCalculatorTest.swift; sourceTree = "<group>"; };
		3F6E949519C2DF4E000AD51B /* TipCalculator.playground */ = {isa = PBXFileReference; lastKnownFileType = file.playground; name = TipCalculator.playground; path = ../../TipCalculator.playground; sourceTree = "<group>"; };
		3F6E949619C2E0A2000AD51B /* TipCalculator.swift */ = {isa = PBXFileReference; fileEncoding = 4; lastKnownFileType = sourcecode.swift; path = TipCalculator.swift; sourceTree = "<group>"; };
		3F6E949819C2E172000AD51B /* TipCalatorModel.swift */ = {isa = PBXFileReference; fileEncoding = 4; lastKnownFileType = sourcecode.swift; path = TipCalatorModel.swift; sourceTree = "<group>"; };
/* End PBXFileReference section */

/* Begin PBXFrameworksBuildPhase section */
		3F6E946D19C2C8FB000AD51B /* Frameworks */ = {
			isa = PBXFrameworksBuildPhase;
			buildActionMask = 2147483647;
			files = (
			);
			runOnlyForDeploymentPostprocessing = 0;
		};
		3F6E947F19C2C8FB000AD51B /* Frameworks */ = {
			isa = PBXFrameworksBuildPhase;
			buildActionMask = 2147483647;
			files = (
			);
			runOnlyForDeploymentPostprocessing = 0;
		};
/* End PBXFrameworksBuildPhase section */

/* Begin PBXGroup section */
		3F6E946719C2C8FB000AD51B = {
			isa = PBXGroup;
			children = (
				3F6E947219C2C8FB000AD51B /* TipCalculator */,
				3F6E948519C2C8FB000AD51B /* TipCalculatorTests */,
				3F6E947119C2C8FB000AD51B /* Products */,
			);
			sourceTree = "<group>";
		};
		3F6E947119C2C8FB000AD51B /* Products */ = {
			isa = PBXGroup;
			children = (
				3F6E947019C2C8FB000AD51B /* TipCalculator.app */,
				3F6E948219C2C8FB000AD51B /* TipCalculatorTests.xctest */,
			);
			name = Products;
			sourceTree = "<group>";
		};
		3F6E947219C2C8FB000AD51B /* TipCalculator */ = {
			isa = PBXGroup;
			children = (
				3F6E949519C2DF4E000AD51B /* TipCalculator.playground */,
				3F6E947519C2C8FB000AD51B /* AppDelegate.swift */,
				3F6E947719C2C8FB000AD51B /* ViewController.swift */,
				3F6E947919C2C8FB000AD51B /* Main.storyboard */,
				3F6E949219C2CAAF000AD51B /* TipCalculatorTest.swift */,
				3F6E947C19C2C8FB000AD51B /* Images.xcassets */,
				3F6E947319C2C8FB000AD51B /* Supporting Files */,
				3F6E949619C2E0A2000AD51B /* TipCalculator.swift */,
				3F6E949819C2E172000AD51B /* TipCalatorModel.swift */,
			);
			path = TipCalculator;
			sourceTree = "<group>";
		};
		3F6E947319C2C8FB000AD51B /* Supporting Files */ = {
			isa = PBXGroup;
			children = (
				3F6E947419C2C8FB000AD51B /* Info.plist */,
			);
			name = "Supporting Files";
			sourceTree = "<group>";
		};
		3F6E948519C2C8FB000AD51B /* TipCalculatorTests */ = {
			isa = PBXGroup;
			children = (
				3F6E948819C2C8FB000AD51B /* TipCalculatorTests.swift */,
				3F6E948619C2C8FB000AD51B /* Supporting Files */,
			);
			path = TipCalculatorTests;
			sourceTree = "<group>";
		};
		3F6E948619C2C8FB000AD51B /* Supporting Files */ = {
			isa = PBXGroup;
			children = (
				3F6E948719C2C8FB000AD51B /* Info.plist */,
			);
			name = "Supporting Files";
			sourceTree = "<group>";
		};
/* End PBXGroup section */

/* Begin PBXNativeTarget section */
		3F6E946F19C2C8FB000AD51B /* TipCalculator */ = {
			isa = PBXNativeTarget;
			buildConfigurationList = 3F6E948C19C2C8FB000AD51B /* Build configuration list for PBXNativeTarget "TipCalculator" */;
			buildPhases = (
				3F6E946C19C2C8FB000AD51B /* Sources */,
				3F6E946D19C2C8FB000AD51B /* Frameworks */,
				3F6E946E19C2C8FB000AD51B /* Resources */,
			);
			buildRules = (
			);
			dependencies = (
			);
			name = TipCalculator;
			productName = TipCalculator;
			productReference = 3F6E947019C2C8FB000AD51B /* TipCalculator.app */;
			productType = "com.apple.product-type.application";
		};
		3F6E948119C2C8FB000AD51B /* TipCalculatorTests */ = {
			isa = PBXNativeTarget;
			buildConfigurationList = 3F6E948F19C2C8FB000AD51B /* Build configuration list for PBXNativeTarget "TipCalculatorTests" */;
			buildPhases = (
				3F6E947E19C2C8FB000AD51B /* Sources */,
				3F6E947F19C2C8FB000AD51B /* Frameworks */,
				3F6E948019C2C8FB000AD51B /* Resources */,
			);
			buildRules = (
			);
			dependencies = (
				3F6E948419C2C8FB000AD51B /* PBXTargetDependency */,
			);
			name = TipCalculatorTests;
			productName = TipCalculatorTests;
			productReference = 3F6E948219C2C8FB000AD51B /* TipCalculatorTests.xctest */;
			productType = "com.apple.product-type.bundle.unit-test";
		};
/* End PBXNativeTarget section */

/* Begin PBXProject section */
		3F6E946819C2C8FB000AD51B /* Project object */ = {
			isa = PBXProject;
			attributes = {
				LastUpgradeCheck = 0600;
				ORGANIZATIONNAME = Student;
				TargetAttributes = {
					3F6E946F19C2C8FB000AD51B = {
						CreatedOnToolsVersion = 6.0;
					};
					3F6E948119C2C8FB000AD51B = {
						CreatedOnToolsVersion = 6.0;
						TestTargetID = 3F6E946F19C2C8FB000AD51B;
					};
				};
			};
			buildConfigurationList = 3F6E946B19C2C8FB000AD51B /* Build configuration list for PBXProject "TipCalculator" */;
			compatibilityVersion = "Xcode 3.2";
			developmentRegion = English;
			hasScannedForEncodings = 0;
			knownRegions = (
				en,
				Base,
			);
			mainGroup = 3F6E946719C2C8FB000AD51B;
			productRefGroup = 3F6E947119C2C8FB000AD51B /* Products */;
			projectDirPath = "";
			projectRoot = "";
			targets = (
				3F6E946F19C2C8FB000AD51B /* TipCalculator */,
				3F6E948119C2C8FB000AD51B /* TipCalculatorTests */,
			);
		};
/* End PBXProject section */

/* Begin PBXResourcesBuildPhase section */
		3F6E946E19C2C8FB000AD51B /* Resources */ = {
			isa = PBXResourcesBuildPhase;
			buildActionMask = 2147483647;
			files = (
				3F6E947B19C2C8FB000AD51B /* Main.storyboard in Resources */,
				3F6E947D19C2C8FB000AD51B /* Images.xcassets in Resources */,
			);
			runOnlyForDeploymentPostprocessing = 0;
		};
		3F6E948019C2C8FB000AD51B /* Resources */ = {
			isa = PBXResourcesBuildPhase;
			buildActionMask = 2147483647;
			files = (
			);
			runOnlyForDeploymentPostprocessing = 0;
		};
/* End PBXResourcesBuildPhase section */

/* Begin PBXSourcesBuildPhase section */
		3F6E946C19C2C8FB000AD51B /* Sources */ = {
			isa = PBXSourcesBuildPhase;
			buildActionMask = 2147483647;
			files = (
				3F6E947819C2C8FB000AD51B /* ViewController.swift in Sources */,
				3F6E949919C2E172000AD51B /* TipCalatorModel.swift in Sources */,
				3F6E949719C2E0A2000AD51B /* TipCalculator.swift in Sources */,
				3F6E947619C2C8FB000AD51B /* AppDelegate.swift in Sources */,
				3F6E949319C2CAAF000AD51B /* TipCalculatorTest.swift in Sources */,
			);
			runOnlyForDeploymentPostprocessing = 0;
		};
		3F6E947E19C2C8FB000AD51B /* Sources */ = {
			isa = PBXSourcesBuildPhase;
			buildActionMask = 2147483647;
			files = (
				3F6E948919C2C8FB000AD51B /* TipCalculatorTests.swift in Sources */,
			);
			runOnlyForDeploymentPostprocessing = 0;
		};
/* End PBXSourcesBuildPhase section */

/* Begin PBXTargetDependency section */
		3F6E948419C2C8FB000AD51B /* PBXTargetDependency */ = {
			isa = PBXTargetDependency;
			target = 3F6E946F19C2C8FB000AD51B /* TipCalculator */;
			targetProxy = 3F6E948319C2C8FB000AD51B /* PBXContainerItemProxy */;
		};
/* End PBXTargetDependency section */

/* Begin PBXVariantGroup section */
		3F6E947919C2C8FB000AD51B /* Main.storyboard */ = {
			isa = PBXVariantGroup;
			children = (
				3F6E947A19C2C8FB000AD51B /* Base */,
			);
			name = Main.storyboard;
			sourceTree = "<group>";
		};
/* End PBXVariantGroup section */

/* Begin XCBuildConfiguration section */
		3F6E948A19C2C8FB000AD51B /* Debug */ = {
			isa = XCBuildConfiguration;
			buildSettings = {
				ALWAYS_SEARCH_USER_PATHS = NO;
				CLANG_CXX_LANGUAGE_STANDARD = "gnu++0x";
				CLANG_CXX_LIBRARY = "libc++";
				CLANG_ENABLE_MODULES = YES;
				CLANG_ENABLE_OBJC_ARC = YES;
				CLANG_WARN_BOOL_CONVERSION = YES;
				CLANG_WARN_CONSTANT_CONVERSION = YES;
				CLANG_WARN_DIRECT_OBJC_ISA_USAGE = YES_ERROR;
				CLANG_WARN_EMPTY_BODY = YES;
				CLANG_WARN_ENUM_CONVERSION = YES;
				CLANG_WARN_INT_CONVERSION = YES;
				CLANG_WARN_OBJC_ROOT_CLASS = YES_ERROR;
				CLANG_WARN_UNREACHABLE_CODE = YES;
				CLANG_WARN__DUPLICATE_METHOD_MATCH = YES;
				"CODE_SIGN_IDENTITY[sdk=iphoneos*]" = "iPhone Developer";
				COPY_PHASE_STRIP = NO;
				ENABLE_STRICT_OBJC_MSGSEND = YES;
				GCC_C_LANGUAGE_STANDARD = gnu99;
				GCC_DYNAMIC_NO_PIC = NO;
				GCC_OPTIMIZATION_LEVEL = 0;
				GCC_PREPROCESSOR_DEFINITIONS = (
					"DEBUG=1",
					"$(inherited)",
				);
				GCC_SYMBOLS_PRIVATE_EXTERN = NO;
				GCC_WARN_64_TO_32_BIT_CONVERSION = YES;
				GCC_WARN_ABOUT_RETURN_TYPE = YES_ERROR;
				GCC_WARN_UNDECLARED_SELECTOR = YES;
				GCC_WARN_UNINITIALIZED_AUTOS = YES_AGGRESSIVE;
				GCC_WARN_UNUSED_FUNCTION = YES;
				GCC_WARN_UNUSED_VARIABLE = YES;
				IPHONEOS_DEPLOYMENT_TARGET = 8.0;
				MTL_ENABLE_DEBUG_INFO = YES;
				ONLY_ACTIVE_ARCH = YES;
				SDKROOT = iphoneos;
				SWIFT_OPTIMIZATION_LEVEL = "-Onone";
			};
			name = Debug;
		};
		3F6E948B19C2C8FB000AD51B /* Release */ = {
			isa = XCBuildConfiguration;
			buildSettings = {
				ALWAYS_SEARCH_USER_PATHS = NO;
				CLANG_CXX_LANGUAGE_STANDARD = "gnu++0x";
				CLANG_CXX_LIBRARY = "libc++";
				CLANG_ENABLE_MODULES = YES;
				CLANG_ENABLE_OBJC_ARC = YES;
				CLANG_WARN_BOOL_CONVERSION = YES;
				CLANG_WARN_CONSTANT_CONVERSION = YES;
				CLANG_WARN_DIRECT_OBJC_ISA_USAGE = YES_ERROR;
				CLANG_WARN_EMPTY_BODY = YES;
				CLANG_WARN_ENUM_CONVERSION = YES;
				CLANG_WARN_INT_CONVERSION = YES;
				CLANG_WARN_OBJC_ROOT_CLASS = YES_ERROR;
				CLANG_WARN_UNREACHABLE_CODE = YES;
				CLANG_WARN__DUPLICATE_METHOD_MATCH = YES;
				"CODE_SIGN_IDENTITY[sdk=iphoneos*]" = "iPhone Developer";
				COPY_PHASE_STRIP = YES;
				ENABLE_NS_ASSERTIONS = NO;
				ENABLE_STRICT_OBJC_MSGSEND = YES;
				GCC_C_LANGUAGE_STANDARD = gnu99;
				GCC_WARN_64_TO_32_BIT_CONVERSION = YES;
				GCC_WARN_ABOUT_RETURN_TYPE = YES_ERROR;
				GCC_WARN_UNDECLARED_SELECTOR = YES;
				GCC_WARN_UNINITIALIZED_AUTOS = YES_AGGRESSIVE;
				GCC_WARN_UNUSED_FUNCTION = YES;
				GCC_WARN_UNUSED_VARIABLE = YES;
				IPHONEOS_DEPLOYMENT_TARGET = 8.0;
				MTL_ENABLE_DEBUG_INFO = NO;
				SDKROOT = iphoneos;
				VALIDATE_PRODUCT = YES;
			};
			name = Release;
		};
		3F6E948D19C2C8FB000AD51B /* Debug */ = {
			isa = XCBuildConfiguration;
			buildSettings = {
				ASSETCATALOG_COMPILER_APPICON_NAME = AppIcon;
				ASSETCATALOG_COMPILER_LAUNCHIMAGE_NAME = LaunchImage;
				INFOPLIST_FILE = TipCalculator/Info.plist;
				LD_RUNPATH_SEARCH_PATHS = "$(inherited) @executable_path/Frameworks";
				PRODUCT_NAME = "$(TARGET_NAME)";
			};
			name = Debug;
		};
		3F6E948E19C2C8FB000AD51B /* Release */ = {
			isa = XCBuildConfiguration;
			buildSettings = {
				ASSETCATALOG_COMPILER_APPICON_NAME = AppIcon;
				ASSETCATALOG_COMPILER_LAUNCHIMAGE_NAME = LaunchImage;
				INFOPLIST_FILE = TipCalculator/Info.plist;
				LD_RUNPATH_SEARCH_PATHS = "$(inherited) @executable_path/Frameworks";
				PRODUCT_NAME = "$(TARGET_NAME)";
			};
			name = Release;
		};
		3F6E949019C2C8FB000AD51B /* Debug */ = {
			isa = XCBuildConfiguration;
			buildSettings = {
				BUNDLE_LOADER = "$(BUILT_PRODUCTS_DIR)/TipCalculator.app/TipCalculator";
				FRAMEWORK_SEARCH_PATHS = (
					"$(SDKROOT)/Developer/Library/Frameworks",
					"$(inherited)",
				);
				GCC_PREPROCESSOR_DEFINITIONS = (
					"DEBUG=1",
					"$(inherited)",
				);
				INFOPLIST_FILE = TipCalculatorTests/Info.plist;
				LD_RUNPATH_SEARCH_PATHS = "$(inherited) @executable_path/Frameworks @loader_path/Frameworks";
				PRODUCT_NAME = "$(TARGET_NAME)";
				TEST_HOST = "$(BUNDLE_LOADER)";
			};
			name = Debug;
		};
		3F6E949119C2C8FB000AD51B /* Release */ = {
			isa = XCBuildConfiguration;
			buildSettings = {
				BUNDLE_LOADER = "$(BUILT_PRODUCTS_DIR)/TipCalculator.app/TipCalculator";
				FRAMEWORK_SEARCH_PATHS = (
					"$(SDKROOT)/Developer/Library/Frameworks",
					"$(inherited)",
				);
				INFOPLIST_FILE = TipCalculatorTests/Info.plist;
				LD_RUNPATH_SEARCH_PATHS = "$(inherited) @executable_path/Frameworks @loader_path/Frameworks";
				PRODUCT_NAME = "$(TARGET_NAME)";
				TEST_HOST = "$(BUNDLE_LOADER)";
			};
			name = Release;
		};
/* End XCBuildConfiguration section */

/* Begin XCConfigurationList section */
		3F6E946B19C2C8FB000AD51B /* Build configuration list for PBXProject "TipCalculator" */ = {
			isa = XCConfigurationList;
			buildConfigurations = (
				3F6E948A19C2C8FB000AD51B /* Debug */,
				3F6E948B19C2C8FB000AD51B /* Release */,
			);
			defaultConfigurationIsVisible = 0;
			defaultConfigurationName = Release;
		};
		3F6E948C19C2C8FB000AD51B /* Build configuration list for PBXNativeTarget "TipCalculator" */ = {
			isa = XCConfigurationList;
			buildConfigurations = (
				3F6E948D19C2C8FB000AD51B /* Debug */,
				3F6E948E19C2C8FB000AD51B /* Release */,
			);
			defaultConfigurationIsVisible = 0;
		};
		3F6E948F19C2C8FB000AD51B /* Build configuration list for PBXNativeTarget "TipCalculatorTests" */ = {
			isa = XCConfigurationList;
			buildConfigurations = (
				3F6E949019C2C8FB000AD51B /* Debug */,
				3F6E949119C2C8FB000AD51B /* Release */,
			);
			defaultConfigurationIsVisible = 0;
		};
/* End XCConfigurationList section */
	};
	rootObject = 3F6E946819C2C8FB000AD51B /* Project object */;
}
