// !$*UTF8*$!
{
	archiveVersion = 1;
	classes = {
	};
	objectVersion = 46;
	objects = {

/* Begin PBXBuildFile section */
		3F6149C619FA477B00B38145 /* AppDelegate.swift in Sources */ = {isa = PBXBuildFile; fileRef = 3F6149C519FA477B00B38145 /* AppDelegate.swift */; };
		3F6149C819FA477B00B38145 /* ViewController.swift in Sources */ = {isa = PBXBuildFile; fileRef = 3F6149C719FA477B00B38145 /* ViewController.swift */; };
		3F6149CB19FA477B00B38145 /* Main.storyboard in Resources */ = {isa = PBXBuildFile; fileRef = 3F6149C919FA477B00B38145 /* Main.storyboard */; };
		3F6149CD19FA477B00B38145 /* Images.xcassets in Resources */ = {isa = PBXBuildFile; fileRef = 3F6149CC19FA477B00B38145 /* Images.xcassets */; };
		3F6149D019FA477B00B38145 /* LaunchScreen.xib in Resources */ = {isa = PBXBuildFile; fileRef = 3F6149CE19FA477B00B38145 /* LaunchScreen.xib */; };
		3F6149DC19FA477B00B38145 /* textSegueTests.swift in Sources */ = {isa = PBXBuildFile; fileRef = 3F6149DB19FA477B00B38145 /* textSegueTests.swift */; };
		3F6149E619FA489C00B38145 /* AddViewController.swift in Sources */ = {isa = PBXBuildFile; fileRef = 3F6149E519FA489C00B38145 /* AddViewController.swift */; };
		3F6149E819FA4AC500B38145 /* StuderData.swift in Sources */ = {isa = PBXBuildFile; fileRef = 3F6149E719FA4AC500B38145 /* StuderData.swift */; };
/* End PBXBuildFile section */

/* Begin PBXContainerItemProxy section */
		3F6149D619FA477B00B38145 /* PBXContainerItemProxy */ = {
			isa = PBXContainerItemProxy;
			containerPortal = 3F6149B819FA477B00B38145 /* Project object */;
			proxyType = 1;
			remoteGlobalIDString = 3F6149BF19FA477B00B38145;
			remoteInfo = textSegue;
		};
/* End PBXContainerItemProxy section */

/* Begin PBXFileReference section */
		3F6149C019FA477B00B38145 /* textSegue.app */ = {isa = PBXFileReference; explicitFileType = wrapper.application; includeInIndex = 0; path = textSegue.app; sourceTree = BUILT_PRODUCTS_DIR; };
		3F6149C419FA477B00B38145 /* Info.plist */ = {isa = PBXFileReference; lastKnownFileType = text.plist.xml; path = Info.plist; sourceTree = "<group>"; };
		3F6149C519FA477B00B38145 /* AppDelegate.swift */ = {isa = PBXFileReference; lastKnownFileType = sourcecode.swift; path = AppDelegate.swift; sourceTree = "<group>"; };
		3F6149C719FA477B00B38145 /* ViewController.swift */ = {isa = PBXFileReference; lastKnownFileType = sourcecode.swift; path = ViewController.swift; sourceTree = "<group>"; };
		3F6149CA19FA477B00B38145 /* Base */ = {isa = PBXFileReference; lastKnownFileType = file.storyboard; name = Base; path = Base.lproj/Main.storyboard; sourceTree = "<group>"; };
		3F6149CC19FA477B00B38145 /* Images.xcassets */ = {isa = PBXFileReference; lastKnownFileType = folder.assetcatalog; path = Images.xcassets; sourceTree = "<group>"; };
		3F6149CF19FA477B00B38145 /* Base */ = {isa = PBXFileReference; lastKnownFileType = file.xib; name = Base; path = Base.lproj/LaunchScreen.xib; sourceTree = "<group>"; };
		3F6149D519FA477B00B38145 /* textSegueTests.xctest */ = {isa = PBXFileReference; explicitFileType = wrapper.cfbundle; includeInIndex = 0; path = textSegueTests.xctest; sourceTree = BUILT_PRODUCTS_DIR; };
		3F6149DA19FA477B00B38145 /* Info.plist */ = {isa = PBXFileReference; lastKnownFileType = text.plist.xml; path = Info.plist; sourceTree = "<group>"; };
		3F6149DB19FA477B00B38145 /* textSegueTests.swift */ = {isa = PBXFileReference; lastKnownFileType = sourcecode.swift; path = textSegueTests.swift; sourceTree = "<group>"; };
		3F6149E519FA489C00B38145 /* AddViewController.swift */ = {isa = PBXFileReference; fileEncoding = 4; lastKnownFileType = sourcecode.swift; path = AddViewController.swift; sourceTree = "<group>"; };
		3F6149E719FA4AC500B38145 /* StuderData.swift */ = {isa = PBXFileReference; fileEncoding = 4; lastKnownFileType = sourcecode.swift; path = StuderData.swift; sourceTree = "<group>"; };
/* End PBXFileReference section */

/* Begin PBXFrameworksBuildPhase section */
		3F6149BD19FA477B00B38145 /* Frameworks */ = {
			isa = PBXFrameworksBuildPhase;
			buildActionMask = 2147483647;
			files = (
			);
			runOnlyForDeploymentPostprocessing = 0;
		};
		3F6149D219FA477B00B38145 /* Frameworks */ = {
			isa = PBXFrameworksBuildPhase;
			buildActionMask = 2147483647;
			files = (
			);
			runOnlyForDeploymentPostprocessing = 0;
		};
/* End PBXFrameworksBuildPhase section */

/* Begin PBXGroup section */
		3F6149B719FA477B00B38145 = {
			isa = PBXGroup;
			children = (
				3F6149C219FA477B00B38145 /* memberCS55 */,
				3F6149D819FA477B00B38145 /* textSegueTests */,
				3F6149C119FA477B00B38145 /* Products */,
			);
			sourceTree = "<group>";
		};
		3F6149C119FA477B00B38145 /* Products */ = {
			isa = PBXGroup;
			children = (
				3F6149C019FA477B00B38145 /* textSegue.app */,
				3F6149D519FA477B00B38145 /* textSegueTests.xctest */,
			);
			name = Products;
			sourceTree = "<group>";
		};
		3F6149C219FA477B00B38145 /* memberCS55 */ = {
			isa = PBXGroup;
			children = (
				3F6149E719FA4AC500B38145 /* StuderData.swift */,
				3F6149C519FA477B00B38145 /* AppDelegate.swift */,
				3F6149C719FA477B00B38145 /* ViewController.swift */,
				3F6149CC19FA477B00B38145 /* Images.xcassets */,
				3F6149CE19FA477B00B38145 /* LaunchScreen.xib */,
				3F6149C919FA477B00B38145 /* Main.storyboard */,
				3F6149E519FA489C00B38145 /* AddViewController.swift */,
				3F6149C319FA477B00B38145 /* Supporting Files */,
			);
			name = memberCS55;
			path = textSegue;
			sourceTree = "<group>";
		};
		3F6149C319FA477B00B38145 /* Supporting Files */ = {
			isa = PBXGroup;
			children = (
				3F6149C419FA477B00B38145 /* Info.plist */,
			);
			name = "Supporting Files";
			sourceTree = "<group>";
		};
		3F6149D819FA477B00B38145 /* textSegueTests */ = {
			isa = PBXGroup;
			children = (
				3F6149DB19FA477B00B38145 /* textSegueTests.swift */,
				3F6149D919FA477B00B38145 /* Supporting Files */,
			);
			path = textSegueTests;
			sourceTree = "<group>";
		};
		3F6149D919FA477B00B38145 /* Supporting Files */ = {
			isa = PBXGroup;
			children = (
				3F6149DA19FA477B00B38145 /* Info.plist */,
			);
			name = "Supporting Files";
			sourceTree = "<group>";
		};
/* End PBXGroup section */

/* Begin PBXNativeTarget section */
		3F6149BF19FA477B00B38145 /* textSegue */ = {
			isa = PBXNativeTarget;
			buildConfigurationList = 3F6149DF19FA477B00B38145 /* Build configuration list for PBXNativeTarget "textSegue" */;
			buildPhases = (
				3F6149BC19FA477B00B38145 /* Sources */,
				3F6149BD19FA477B00B38145 /* Frameworks */,
				3F6149BE19FA477B00B38145 /* Resources */,
			);
			buildRules = (
			);
			dependencies = (
			);
			name = textSegue;
			productName = textSegue;
			productReference = 3F6149C019FA477B00B38145 /* textSegue.app */;
			productType = "com.apple.product-type.application";
		};
		3F6149D419FA477B00B38145 /* textSegueTests */ = {
			isa = PBXNativeTarget;
			buildConfigurationList = 3F6149E219FA477B00B38145 /* Build configuration list for PBXNativeTarget "textSegueTests" */;
			buildPhases = (
				3F6149D119FA477B00B38145 /* Sources */,
				3F6149D219FA477B00B38145 /* Frameworks */,
				3F6149D319FA477B00B38145 /* Resources */,
			);
			buildRules = (
			);
			dependencies = (
				3F6149D719FA477B00B38145 /* PBXTargetDependency */,
			);
			name = textSegueTests;
			productName = textSegueTests;
			productReference = 3F6149D519FA477B00B38145 /* textSegueTests.xctest */;
			productType = "com.apple.product-type.bundle.unit-test";
		};
/* End PBXNativeTarget section */

/* Begin PBXProject section */
		3F6149B819FA477B00B38145 /* Project object */ = {
			isa = PBXProject;
			attributes = {
				LastUpgradeCheck = 0600;
				ORGANIZATIONNAME = student;
				TargetAttributes = {
					3F6149BF19FA477B00B38145 = {
						CreatedOnToolsVersion = 6.0;
					};
					3F6149D419FA477B00B38145 = {
						CreatedOnToolsVersion = 6.0;
						TestTargetID = 3F6149BF19FA477B00B38145;
					};
				};
			};
			buildConfigurationList = 3F6149BB19FA477B00B38145 /* Build configuration list for PBXProject "textSegue" */;
			compatibilityVersion = "Xcode 3.2";
			developmentRegion = English;
			hasScannedForEncodings = 0;
			knownRegions = (
				en,
				Base,
			);
			mainGroup = 3F6149B719FA477B00B38145;
			productRefGroup = 3F6149C119FA477B00B38145 /* Products */;
			projectDirPath = "";
			projectRoot = "";
			targets = (
				3F6149BF19FA477B00B38145 /* textSegue */,
				3F6149D419FA477B00B38145 /* textSegueTests */,
			);
		};
/* End PBXProject section */

/* Begin PBXResourcesBuildPhase section */
		3F6149BE19FA477B00B38145 /* Resources */ = {
			isa = PBXResourcesBuildPhase;
			buildActionMask = 2147483647;
			files = (
				3F6149CB19FA477B00B38145 /* Main.storyboard in Resources */,
				3F6149D019FA477B00B38145 /* LaunchScreen.xib in Resources */,
				3F6149CD19FA477B00B38145 /* Images.xcassets in Resources */,
			);
			runOnlyForDeploymentPostprocessing = 0;
		};
		3F6149D319FA477B00B38145 /* Resources */ = {
			isa = PBXResourcesBuildPhase;
			buildActionMask = 2147483647;
			files = (
			);
			runOnlyForDeploymentPostprocessing = 0;
		};
/* End PBXResourcesBuildPhase section */

/* Begin PBXSourcesBuildPhase section */
		3F6149BC19FA477B00B38145 /* Sources */ = {
			isa = PBXSourcesBuildPhase;
			buildActionMask = 2147483647;
			files = (
				3F6149E819FA4AC500B38145 /* StuderData.swift in Sources */,
				3F6149C819FA477B00B38145 /* ViewController.swift in Sources */,
				3F6149C619FA477B00B38145 /* AppDelegate.swift in Sources */,
				3F6149E619FA489C00B38145 /* AddViewController.swift in Sources */,
			);
			runOnlyForDeploymentPostprocessing = 0;
		};
		3F6149D119FA477B00B38145 /* Sources */ = {
			isa = PBXSourcesBuildPhase;
			buildActionMask = 2147483647;
			files = (
				3F6149DC19FA477B00B38145 /* textSegueTests.swift in Sources */,
			);
			runOnlyForDeploymentPostprocessing = 0;
		};
/* End PBXSourcesBuildPhase section */

/* Begin PBXTargetDependency section */
		3F6149D719FA477B00B38145 /* PBXTargetDependency */ = {
			isa = PBXTargetDependency;
			target = 3F6149BF19FA477B00B38145 /* textSegue */;
			targetProxy = 3F6149D619FA477B00B38145 /* PBXContainerItemProxy */;
		};
/* End PBXTargetDependency section */

/* Begin PBXVariantGroup section */
		3F6149C919FA477B00B38145 /* Main.storyboard */ = {
			isa = PBXVariantGroup;
			children = (
				3F6149CA19FA477B00B38145 /* Base */,
			);
			name = Main.storyboard;
			sourceTree = "<group>";
		};
		3F6149CE19FA477B00B38145 /* LaunchScreen.xib */ = {
			isa = PBXVariantGroup;
			children = (
				3F6149CF19FA477B00B38145 /* Base */,
			);
			name = LaunchScreen.xib;
			sourceTree = "<group>";
		};
/* End PBXVariantGroup section */

/* Begin XCBuildConfiguration section */
		3F6149DD19FA477B00B38145 /* Debug */ = {
			isa = XCBuildConfiguration;
			buildSettings = {
				ALWAYS_SEARCH_USER_PATHS = NO;
				CLANG_CXX_LANGUAGE_STANDARD = "gnu++0x";
				CLANG_CXX_LIBRARY = "libc++";
				CLANG_ENABLE_MODULES = YES;
				CLANG_ENABLE_OBJC_ARC = YES;
				CLANG_WARN_BOOL_CONVERSION = YES;
				CLANG_WARN_CONSTANT_CONVERSION = YES;
				CLANG_WARN_DIRECT_OBJC_ISA_USAGE = YES_ERROR;
				CLANG_WARN_EMPTY_BODY = YES;
				CLANG_WARN_ENUM_CONVERSION = YES;
				CLANG_WARN_INT_CONVERSION = YES;
				CLANG_WARN_OBJC_ROOT_CLASS = YES_ERROR;
				CLANG_WARN_UNREACHABLE_CODE = YES;
				CLANG_WARN__DUPLICATE_METHOD_MATCH = YES;
				"CODE_SIGN_IDENTITY[sdk=iphoneos*]" = "iPhone Developer";
				COPY_PHASE_STRIP = NO;
				ENABLE_STRICT_OBJC_MSGSEND = YES;
				GCC_C_LANGUAGE_STANDARD = gnu99;
				GCC_DYNAMIC_NO_PIC = NO;
				GCC_OPTIMIZATION_LEVEL = 0;
				GCC_PREPROCESSOR_DEFINITIONS = (
					"DEBUG=1",
					"$(inherited)",
				);
				GCC_SYMBOLS_PRIVATE_EXTERN = NO;
				GCC_WARN_64_TO_32_BIT_CONVERSION = YES;
				GCC_WARN_ABOUT_RETURN_TYPE = YES_ERROR;
				GCC_WARN_UNDECLARED_SELECTOR = YES;
				GCC_WARN_UNINITIALIZED_AUTOS = YES_AGGRESSIVE;
				GCC_WARN_UNUSED_FUNCTION = YES;
				GCC_WARN_UNUSED_VARIABLE = YES;
				IPHONEOS_DEPLOYMENT_TARGET = 8.0;
				MTL_ENABLE_DEBUG_INFO = YES;
				ONLY_ACTIVE_ARCH = YES;
				SDKROOT = iphoneos;
				SWIFT_OPTIMIZATION_LEVEL = "-Onone";
			};
			name = Debug;
		};
		3F6149DE19FA477B00B38145 /* Release */ = {
			isa = XCBuildConfiguration;
			buildSettings = {
				ALWAYS_SEARCH_USER_PATHS = NO;
				CLANG_CXX_LANGUAGE_STANDARD = "gnu++0x";
				CLANG_CXX_LIBRARY = "libc++";
				CLANG_ENABLE_MODULES = YES;
				CLANG_ENABLE_OBJC_ARC = YES;
				CLANG_WARN_BOOL_CONVERSION = YES;
				CLANG_WARN_CONSTANT_CONVERSION = YES;
				CLANG_WARN_DIRECT_OBJC_ISA_USAGE = YES_ERROR;
				CLANG_WARN_EMPTY_BODY = YES;
				CLANG_WARN_ENUM_CONVERSION = YES;
				CLANG_WARN_INT_CONVERSION = YES;
				CLANG_WARN_OBJC_ROOT_CLASS = YES_ERROR;
				CLANG_WARN_UNREACHABLE_CODE = YES;
				CLANG_WARN__DUPLICATE_METHOD_MATCH = YES;
				"CODE_SIGN_IDENTITY[sdk=iphoneos*]" = "iPhone Developer";
				COPY_PHASE_STRIP = YES;
				ENABLE_NS_ASSERTIONS = NO;
				ENABLE_STRICT_OBJC_MSGSEND = YES;
				GCC_C_LANGUAGE_STANDARD = gnu99;
				GCC_WARN_64_TO_32_BIT_CONVERSION = YES;
				GCC_WARN_ABOUT_RETURN_TYPE = YES_ERROR;
				GCC_WARN_UNDECLARED_SELECTOR = YES;
				GCC_WARN_UNINITIALIZED_AUTOS = YES_AGGRESSIVE;
				GCC_WARN_UNUSED_FUNCTION = YES;
				GCC_WARN_UNUSED_VARIABLE = YES;
				IPHONEOS_DEPLOYMENT_TARGET = 8.0;
				MTL_ENABLE_DEBUG_INFO = NO;
				SDKROOT = iphoneos;
				VALIDATE_PRODUCT = YES;
			};
			name = Release;
		};
		3F6149E019FA477B00B38145 /* Debug */ = {
			isa = XCBuildConfiguration;
			buildSettings = {
				ASSETCATALOG_COMPILER_APPICON_NAME = AppIcon;
				INFOPLIST_FILE = textSegue/Info.plist;
				LD_RUNPATH_SEARCH_PATHS = "$(inherited) @executable_path/Frameworks";
				PRODUCT_NAME = "$(TARGET_NAME)";
			};
			name = Debug;
		};
		3F6149E119FA477B00B38145 /* Release */ = {
			isa = XCBuildConfiguration;
			buildSettings = {
				ASSETCATALOG_COMPILER_APPICON_NAME = AppIcon;
				INFOPLIST_FILE = textSegue/Info.plist;
				LD_RUNPATH_SEARCH_PATHS = "$(inherited) @executable_path/Frameworks";
				PRODUCT_NAME = "$(TARGET_NAME)";
			};
			name = Release;
		};
		3F6149E319FA477B00B38145 /* Debug */ = {
			isa = XCBuildConfiguration;
			buildSettings = {
				BUNDLE_LOADER = "$(TEST_HOST)";
				FRAMEWORK_SEARCH_PATHS = (
					"$(SDKROOT)/Developer/Library/Frameworks",
					"$(inherited)",
				);
				GCC_PREPROCESSOR_DEFINITIONS = (
					"DEBUG=1",
					"$(inherited)",
				);
				INFOPLIST_FILE = textSegueTests/Info.plist;
				LD_RUNPATH_SEARCH_PATHS = "$(inherited) @executable_path/Frameworks @loader_path/Frameworks";
				PRODUCT_NAME = "$(TARGET_NAME)";
				TEST_HOST = "$(BUILT_PRODUCTS_DIR)/textSegue.app/textSegue";
			};
			name = Debug;
		};
		3F6149E419FA477B00B38145 /* Release */ = {
			isa = XCBuildConfiguration;
			buildSettings = {
				BUNDLE_LOADER = "$(TEST_HOST)";
				FRAMEWORK_SEARCH_PATHS = (
					"$(SDKROOT)/Developer/Library/Frameworks",
					"$(inherited)",
				);
				INFOPLIST_FILE = textSegueTests/Info.plist;
				LD_RUNPATH_SEARCH_PATHS = "$(inherited) @executable_path/Frameworks @loader_path/Frameworks";
				PRODUCT_NAME = "$(TARGET_NAME)";
				TEST_HOST = "$(BUILT_PRODUCTS_DIR)/textSegue.app/textSegue";
			};
			name = Release;
		};
/* End XCBuildConfiguration section */

/* Begin XCConfigurationList section */
		3F6149BB19FA477B00B38145 /* Build configuration list for PBXProject "textSegue" */ = {
			isa = XCConfigurationList;
			buildConfigurations = (
				3F6149DD19FA477B00B38145 /* Debug */,
				3F6149DE19FA477B00B38145 /* Release */,
			);
			defaultConfigurationIsVisible = 0;
			defaultConfigurationName = Release;
		};
		3F6149DF19FA477B00B38145 /* Build configuration list for PBXNativeTarget "textSegue" */ = {
			isa = XCConfigurationList;
			buildConfigurations = (
				3F6149E019FA477B00B38145 /* Debug */,
				3F6149E119FA477B00B38145 /* Release */,
			);
			defaultConfigurationIsVisible = 0;
		};
		3F6149E219FA477B00B38145 /* Build configuration list for PBXNativeTarget "textSegueTests" */ = {
			isa = XCConfigurationList;
			buildConfigurations = (
				3F6149E319FA477B00B38145 /* Debug */,
				3F6149E419FA477B00B38145 /* Release */,
			);
			defaultConfigurationIsVisible = 0;
		};
/* End XCConfigurationList section */
	};
	rootObject = 3F6149B819FA477B00B38145 /* Project object */;
}
